github.com/AgoraIO/Tools/DynamicKey/AgoraDynamicKey/go/src v0.0.0-20210806171822-0630dba41e89 h1:2a+Ornm2IvLtNBid9HpHnQNU+BA9kA1UXD726bUUnK8=
github.com/AgoraIO/Tools/DynamicKey/AgoraDynamicKey/go/src v0.0.0-20210806171822-0630dba41e89/go.mod h1:4bXIK0ntDk9CqAXobmomWd7dedbfNv/aaIpmpqqzt+A=
github.com/gorilla/mux v1.8.0 h1:i40aqfkR1h2SlN9hojwV5ZA91wcXFOvkdNIeFDP5koI=
github.com/gorilla/mux v1.8.0/go.mod h1:DVbg23sWSpFRCP0SfiEN6jmj59UnW/n46BH5rLB71So=
